// !$*UTF8*$!
{
	archiveVersion = 1;
	classes = {
	};
	objectVersion = 110;
	objects = {

/* Begin PBXContainerItemProxy section */
		76761CAB30358CDB00637491 /* PBXContainerItemProxy */ = {
			isa = PBXContainerItemProxy;
			containerPortal = 76761C9530358CDA00637491 /* Project object */;
			proxyType = 1;
			remoteGlobalIDString = 76761C9C30358CDA00637491;
			remoteInfo = CT;
		};
		76761CB530358CDB00637491 /* PBXContainerItemProxy */ = {
			isa = PBXContainerItemProxy;
			containerPortal = 76761C9530358CDA00637491 /* Project object */;
			proxyType = 1;
			remoteGlobalIDString = 76761C9C30358CDA00637491;
			remoteInfo = CT;
		};
/* End PBXContainerItemProxy section */

/* Begin PBXFileReference section */
		76761C9D30358CDA00637491 /* CT.app */ = {isa = PBXFileReference; explicitFileType = wrapper.application; includeInIndex = 0; path = CT.app; sourceTree = BUILT_PRODUCTS_DIR; };
		76761CAA30358CDB00637491 /* CTTests.xctest */ = {isa = PBXFileReference; explicitFileType = wrapper.cfbundle; includeInIndex = 0; path = CTTests.xctest; sourceTree = BUILT_PRODUCTS_DIR; };
		76761CB430358CDB00637491 /* CTUITests.xctest */ = {isa = PBXFileReference; explicitFileType = wrapper.cfbundle; includeInIndex = 0; path = CTUITests.xctest; sourceTree = BUILT_PRODUCTS_DIR; };
/* End PBXFileReference section */

/* Begin PBXFileSystemSynchronizedRootGroup section */
		76761C9F30358CDA00637491 /* CT */ = {
			isa = PBXFileSystemSynchronizedRootGroup;
			path = CT;
			sourceTree = "<group>";
		};
		76761CAD30358CDB00637491 /* CTTests */ = {
			isa = PBXFileSystemSynchronizedRootGroup;
			path = CTTests;
			sourceTree = "<group>";
		};
		76761CB730358CDB00637491 /* CTUITests */ = {
			isa = PBXFileSystemSynchronizedRootGroup;
			path = CTUITests;
			sourceTree = "<group>";
		};
/* End PBXFileSystemSynchronizedRootGroup section */

/* Begin PBXFrameworksBuildPhase section */
		76761C9A30358CDA00637491 /* Frameworks */ = {
			isa = PBXFrameworksBuildPhase;
			files = (
			);
		};
		76761CA730358CDB00637491 /* Frameworks */ = {
			isa = PBXFrameworksBuildPhase;
			files = (
			);
		};
		76761CB130358CDB00637491 /* Frameworks */ = {
			isa = PBXFrameworksBuildPhase;
			files = (
			);
		};
/* End PBXFrameworksBuildPhase section */

/* Begin PBXGroup section */
		76761C9430358CDA00637491 = {
			isa = PBXGroup;
			children = (
				76761C9F30358CDA00637491 /* CT */,
				76761CAD30358CDB00637491 /* CTTests */,
				76761CB730358CDB00637491 /* CTUITests */,
				76761C9E30358CDA00637491 /* Products */,
			);
			sourceTree = "<group>";
		};
		76761C9E30358CDA00637491 /* Products */ = {
			isa = PBXGroup;
			children = (
				76761C9D30358CDA00637491 /* CT.app */,
				76761CAA30358CDB00637491 /* CTTests.xctest */,
				76761CB430358CDB00637491 /* CTUITests.xctest */,
			);
			name = Products;
			sourceTree = "<group>";
		};
/* End PBXGroup section */

/* Begin PBXNativeTarget section */
		76761C9C30358CDA00637491 /* CT */ = {
			isa = PBXNativeTarget;
			buildConfigurationList = 76761CBC30358CDB00637491 /* Build configuration list for PBXNativeTarget "CT" */;
			buildPhases = (
				76761C9930358CDA00637491 /* Sources */,
				76761C9A30358CDA00637491 /* Frameworks */,
				76761C9B30358CDA00637491 /* Resources */,
			);
			buildRules = (
			);
			fileSystemSynchronizedGroups = (
				76761C9F30358CDA00637491 /* CT */,
			);
			name = CT;
			productName = CT;
			productReference = 76761C9D30358CDA00637491 /* CT.app */;
			productType = "com.apple.product-type.application";
		};
		76761CA930358CDB00637491 /* CTTests */ = {
			isa = PBXNativeTarget;
			buildConfigurationList = 76761CBF30358CDB00637491 /* Build configuration list for PBXNativeTarget "CTTests" */;
			buildPhases = (
				76761CA630358CDB00637491 /* Sources */,
				76761CA730358CDB00637491 /* Frameworks */,
				76761CA830358CDB00637491 /* Resources */,
			);
			buildRules = (
			);
			dependencies = (
				76761CAC30358CDB00637491 /* PBXTargetDependency */,
			);
			fileSystemSynchronizedGroups = (
				76761CAD30358CDB00637491 /* CTTests */,
			);
			name = CTTests;
			productName = CTTests;
			productReference = 76761CAA30358CDB00637491 /* CTTests.xctest */;
			productType = "com.apple.product-type.bundle.unit-test";
		};
		76761CB330358CDB00637491 /* CTUITests */ = {
			isa = PBXNativeTarget;
			buildConfigurationList = 76761CC230358CDB00637491 /* Build configuration list for PBXNativeTarget "CTUITests" */;
			buildPhases = (
				76761CB030358CDB00637491 /* Sources */,
				76761CB130358CDB00637491 /* Frameworks */,
				76761CB230358CDB00637491 /* Resources */,
			);
			buildRules = (
			);
			dependencies = (
				76761CB630358CDB00637491 /* PBXTargetDependency */,
			);
			fileSystemSynchronizedGroups = (
				76761CB730358CDB00637491 /* CTUITests */,
			);
			name = CTUITests;
			productName = CTUITests;
			productReference = 76761CB430358CDB00637491 /* CTUITests.xctest */;
			productType = "com.apple.product-type.bundle.ui-testing";
		};
/* End PBXNativeTarget section */

/* Begin PBXProject section */
		76761C9530358CDA00637491 /* Project object */ = {
			isa = PBXProject;
			attributes = {
				BuildIndependentTargetsInParallel = 1;
				LastSwiftUpdateCheck = 2700;
				LastUpgradeCheck = 2700;
				TargetAttributes = {
					76761C9C30358CDA00637491 = {
						CreatedOnToolsVersion = 27.0;
					};
					76761CA930358CDB00637491 = {
						CreatedOnToolsVersion = 27.0;
						TestTargetID = 76761C9C30358CDA00637491;
					};
					76761CB330358CDB00637491 = {
						CreatedOnToolsVersion = 27.0;
						TestTargetID = 76761C9C30358CDA00637491;
					};
				};
			};
			buildConfigurationList = 76761C9830358CDA00637491 /* Build configuration list for PBXProject "CT" */;
			developmentRegion = en;
			hasScannedForEncodings = 0;
			knownRegions = (
				en,
				Base,
			);
			mainGroup = 76761C9430358CDA00637491;
			minimizedProjectReferenceProxies = 1;
			preferredProjectObjectVersion = 77;
			productRefGroup = 76761C9E30358CDA00637491 /* Products */;
			projectDirPath = "";
			projectRoot = "";
			targets = (
				76761C9C30358CDA00637491 /* CT */,
				76761CA930358CDB00637491 /* CTTests */,
				76761CB330358CDB00637491 /* CTUITests */,
			);
		};
/* End PBXProject section */

/* Begin PBXResourcesBuildPhase section */
		76761C9B30358CDA00637491 /* Resources */ = {
			isa = PBXResourcesBuildPhase;
			files = (
			);
		};
		76761CA830358CDB00637491 /* Resources */ = {
			isa = PBXResourcesBuildPhase;
			files = (
			);
		};
		76761CB230358CDB00637491 /* Resources */ = {
			isa = PBXResourcesBuildPhase;
			files = (
			);
		};
/* End PBXResourcesBuildPhase section */

/* Begin PBXSourcesBuildPhase section */
		76761C9930358CDA00637491 /* Sources */ = {
			isa = PBXSourcesBuildPhase;
			files = (
			);
		};
		76761CA630358CDB00637491 /* Sources */ = {
			isa = PBXSourcesBuildPhase;
			files = (
			);
		};
		76761CB030358CDB00637491 /* Sources */ = {
			isa = PBXSourcesBuildPhase;
			files = (
			);
		};
/* End PBXSourcesBuildPhase section */

/* Begin PBXTargetDependency section */
		76761CAC30358CDB00637491 /* PBXTargetDependency */ = {
			isa = PBXTargetDependency;
			target = 76761C9C30358CDA00637491 /* CT */;
			targetProxy = 76761CAB30358CDB00637491 /* PBXContainerItemProxy */;
		};
		76761CB630358CDB00637491 /* PBXTargetDependency */ = {
			isa = PBXTargetDependency;
			target = 76761C9C30358CDA00637491 /* CT */;
			targetProxy = 76761CB530358CDB00637491 /* PBXContainerItemProxy */;
		};
/* End PBXTargetDependency section */

/* Begin XCBuildConfiguration section */
		76761CBA30358CDB00637491 /* Debug configuration for PBXProject "CT" */ = {
			isa = XCBuildConfiguration;
			buildSettings = {
				ALWAYS_SEARCH_USER_PATHS = NO;
				ASSETCATALOG_COMPILER_GENERATE_SWIFT_ASSET_SYMBOL_EXTENSIONS = YES;
				CLANG_ANALYZER_NONNULL = YES;
				CLANG_ANALYZER_NUMBER_OBJECT_CONVERSION = YES_AGGRESSIVE;
				CLANG_CXX_LANGUAGE_STANDARD = "gnu++20";
				CLANG_ENABLE_MODULES = YES;
				CLANG_ENABLE_OBJC_ARC = YES;
				CLANG_ENABLE_OBJC_WEAK = YES;
				CLANG_WARN_BLOCK_CAPTURE_AUTORELEASING = YES;
				CLANG_WARN_BOOL_CONVERSION = YES;
				CLANG_WARN_COMMA = YES;
				CLANG_WARN_CONSTANT_CONVERSION = YES;
				CLANG_WARN_DEPRECATED_OBJC_IMPLEMENTATIONS = YES;
				CLANG_WARN_DIRECT_OBJC_ISA_USAGE = YES_ERROR;
				CLANG_WARN_DOCUMENTATION_COMMENTS = YES;
				CLANG_WARN_EMPTY_BODY = YES;
				CLANG_WARN_ENUM_CONVERSION = YES;
				CLANG_WARN_INFINITE_RECURSION = YES;
				CLANG_WARN_INT_CONVERSION = YES;
				CLANG_WARN_NON_LITERAL_NULL_CONVERSION = YES;
				CLANG_WARN_OBJC_IMPLICIT_RETAIN_SELF = YES;
				CLANG_WARN_OBJC_LITERAL_CONVERSION = YES;
				CLANG_WARN_OBJC_ROOT_CLASS = YES_ERROR;
				CLANG_WARN_QUOTED_INCLUDE_IN_FRAMEWORK_HEADER = YES;
				CLANG_WARN_RANGE_LOOP_ANALYSIS = YES;
				CLANG_WARN_STRICT_PROTOTYPES = YES;
				CLANG_WARN_SUSPICIOUS_MOVE = YES;
				CLANG_WARN_UNGUARDED_AVAILABILITY = YES_AGGRESSIVE;
				CLANG_WARN_UNREACHABLE_CODE = YES;
				CLANG_WARN__DUPLICATE_METHOD_MATCH = YES;
				COPY_PHASE_STRIP = NO;
				DEBUG_INFORMATION_FORMAT = dwarf;
				DEVELOPMENT_TEAM = 342L82G5GB;
				ENABLE_STRICT_OBJC_MSGSEND = YES;
				ENABLE_TESTABILITY = YES;
				ENABLE_USER_SCRIPT_SANDBOXING = YES;
				GCC_C_LANGUAGE_STANDARD = gnu17;
				GCC_DYNAMIC_NO_PIC = NO;
				GCC_NO_COMMON_BLOCKS = YES;
				GCC_OPTIMIZATION_LEVEL = 0;
				GCC_PREPROCESSOR_DEFINITIONS = (
					"DEBUG=1",
					"$(inherited)",
				);
				GCC_WARN_64_TO_32_BIT_CONVERSION = YES;
				GCC_WARN_ABOUT_RETURN_TYPE = YES_ERROR;
				GCC_WARN_UNDECLARED_SELECTOR = YES;
				GCC_WARN_UNINITIALIZED_AUTOS = YES_AGGRESSIVE;
				GCC_WARN_UNUSED_FUNCTION = YES;
				GCC_WARN_UNUSED_VARIABLE = YES;
				IPHONEOS_DEPLOYMENT_TARGET = 27.0;
				LOCALIZATION_PREFERS_STRING_CATALOGS = YES;
				MTL_ENABLE_DEBUG_INFO = INCLUDE_SOURCE;
				MTL_FAST_MATH = YES;
				ONLY_ACTIVE_ARCH = YES;
				SDKROOT = iphoneos;
				SWIFT_ACTIVE_COMPILATION_CONDITIONS = "DEBUG $(inherited)";
				SWIFT_OPTIMIZATION_LEVEL = "-Onone";
			};
			name = Debug;
		};
		76761CBB30358CDB00637491 /* Release configuration for PBXProject "CT" */ = {
			isa = XCBuildConfiguration;
			buildSettings = {
				ALWAYS_SEARCH_USER_PATHS = NO;
				ASSETCATALOG_COMPILER_GENERATE_SWIFT_ASSET_SYMBOL_EXTENSIONS = YES;
				CLANG_ANALYZER_NONNULL = YES;
				CLANG_ANALYZER_NUMBER_OBJECT_CONVERSION = YES_AGGRESSIVE;
				CLANG_CXX_LANGUAGE_STANDARD = "gnu++20";
				CLANG_ENABLE_MODULES = YES;
				CLANG_ENABLE_OBJC_ARC = YES;
				CLANG_ENABLE_OBJC_WEAK = YES;
				CLANG_WARN_BLOCK_CAPTURE_AUTORELEASING = YES;
				CLANG_WARN_BOOL_CONVERSION = YES;
				CLANG_WARN_COMMA = YES;
				CLANG_WARN_CONSTANT_CONVERSION = YES;
				CLANG_WARN_DEPRECATED_OBJC_IMPLEMENTATIONS = YES;
				CLANG_WARN_DIRECT_OBJC_ISA_USAGE = YES_ERROR;
				CLANG_WARN_DOCUMENTATION_COMMENTS = YES;
				CLANG_WARN_EMPTY_BODY = YES;
				CLANG_WARN_ENUM_CONVERSION = YES;
				CLANG_WARN_INFINITE_RECURSION = YES;
				CLANG_WARN_INT_CONVERSION = YES;
				CLANG_WARN_NON_LITERAL_NULL_CONVERSION = YES;
				CLANG_WARN_OBJC_IMPLICIT_RETAIN_SELF = YES;
				CLANG_WARN_OBJC_LITERAL_CONVERSION = YES;
				CLANG_WARN_OBJC_ROOT_CLASS = YES_ERROR;
				CLANG_WARN_QUOTED_INCLUDE_IN_FRAMEWORK_HEADER = YES;
				CLANG_WARN_RANGE_LOOP_ANALYSIS = YES;
				CLANG_WARN_STRICT_PROTOTYPES = YES;
				CLANG_WARN_SUSPICIOUS_MOVE = YES;
				CLANG_WARN_UNGUARDED_AVAILABILITY = YES_AGGRESSIVE;
				CLANG_WARN_UNREACHABLE_CODE = YES;
				CLANG_WARN__DUPLICATE_METHOD_MATCH = YES;
				COPY_PHASE_STRIP = NO;
				DEBUG_INFORMATION_FORMAT = "dwarf-with-dsym";
				DEVELOPMENT_TEAM = 342L82G5GB;
				ENABLE_NS_ASSERTIONS = NO;
				ENABLE_STRICT_OBJC_MSGSEND = YES;
				ENABLE_USER_SCRIPT_SANDBOXING = YES;
				GCC_C_LANGUAGE_STANDARD = gnu17;
				GCC_NO_COMMON_BLOCKS = YES;
				GCC_WARN_64_TO_32_BIT_CONVERSION = YES;
				GCC_WARN_ABOUT_RETURN_TYPE = YES_ERROR;
				GCC_WARN_UNDECLARED_SELECTOR = YES;
				GCC_WARN_UNINITIALIZED_AUTOS = YES_AGGRESSIVE;
				GCC_WARN_UNUSED_FUNCTION = YES;
				GCC_WARN_UNUSED_VARIABLE = YES;
				IPHONEOS_DEPLOYMENT_TARGET = 27.0;
				LOCALIZATION_PREFERS_STRING_CATALOGS = YES;
				MTL_ENABLE_DEBUG_INFO = NO;
				MTL_FAST_MATH = YES;
				SDKROOT = iphoneos;
				SWIFT_COMPILATION_MODE = wholemodule;
				VALIDATE_PRODUCT = YES;
			};
			name = Release;
		};
		76761CBD30358CDB00637491 /* Debug configuration for PBXNativeTarget "CT" */ = {
			isa = XCBuildConfiguration;
			buildSettings = {
				ASSETCATALOG_COMPILER_APPICON_NAME = AppIcon;
				ASSETCATALOG_COMPILER_GLOBAL_ACCENT_COLOR_NAME = AccentColor;
				CODE_SIGN_STYLE = Automatic;
				CURRENT_PROJECT_VERSION = 1024;
				DEVELOPMENT_TEAM = 342L82G5GB;
				ENABLE_PREVIEWS = YES;
				GENERATE_INFOPLIST_FILE = YES;
				INFOPLIST_KEY_CFBundleDisplayName = "Baby Bullet";
				INFOPLIST_KEY_LSApplicationCategoryType = "public.app-category.navigation";
				INFOPLIST_KEY_NSLocationWhenInUseUsageDescription = "Baby Bullet uses your location to show departures from the Caltrain station closest to you.";
				INFOPLIST_KEY_UIApplicationSceneManifest_Generation = YES;
				INFOPLIST_KEY_UIApplicationSupportsIndirectInputEvents = YES;
				INFOPLIST_KEY_UILaunchScreen_Generation = YES;
				INFOPLIST_KEY_UISupportedInterfaceOrientations = UIInterfaceOrientationPortrait;
				INFOPLIST_KEY_UISupportedInterfaceOrientations_iPad = "UIInterfaceOrientationLandscapeLeft UIInterfaceOrientationLandscapeRight UIInterfaceOrientationPortrait UIInterfaceOrientationPortraitUpsideDown";
				LD_RUNPATH_SEARCH_PATHS = (
					"$(inherited)",
					"@executable_path/Frameworks",
				);
				MARKETING_VERSION = 1.0;
				PRODUCT_BUNDLE_IDENTIFIER = com.stephanepaquet.CT;
				PRODUCT_NAME = "$(TARGET_NAME)";
				STRING_CATALOG_GENERATE_SYMBOLS = YES;
				SWIFT_APPROACHABLE_CONCURRENCY = YES;
				SWIFT_DEFAULT_ACTOR_ISOLATION = MainActor;
				SWIFT_EMIT_LOC_STRINGS = YES;
				SWIFT_UPCOMING_FEATURE_MEMBER_IMPORT_VISIBILITY = YES;
				SWIFT_VERSION = 5.0;
				TARGETED_DEVICE_FAMILY = "1,2";
			};
			name = Debug;
		};
		76761CBE30358CDB00637491 /* Release configuration for PBXNativeTarget "CT" */ = {
			isa = XCBuildConfiguration;
			buildSettings = {
				ASSETCATALOG_COMPILER_APPICON_NAME = AppIcon;
				ASSETCATALOG_COMPILER_GLOBAL_ACCENT_COLOR_NAME = AccentColor;
				CODE_SIGN_STYLE = Automatic;
				CURRENT_PROJECT_VERSION = 1024;
				DEVELOPMENT_TEAM = 342L82G5GB;
				ENABLE_PREVIEWS = YES;
				GENERATE_INFOPLIST_FILE = YES;
				INFOPLIST_KEY_CFBundleDisplayName = "Baby Bullet";
				INFOPLIST_KEY_LSApplicationCategoryType = "public.app-category.navigation";
				INFOPLIST_KEY_NSLocationWhenInUseUsageDescription = "Baby Bullet uses your location to show departures from the Caltrain station closest to you.";
				INFOPLIST_KEY_UIApplicationSceneManifest_Generation = YES;
				INFOPLIST_KEY_UIApplicationSupportsIndirectInputEvents = YES;
				INFOPLIST_KEY_UILaunchScreen_Generation = YES;
				INFOPLIST_KEY_UISupportedInterfaceOrientations = UIInterfaceOrientationPortrait;
				INFOPLIST_KEY_UISupportedInterfaceOrientations_iPad = "UIInterfaceOrientationLandscapeLeft UIInterfaceOrientationLandscapeRight UIInterfaceOrientationPortrait UIInterfaceOrientationPortraitUpsideDown";
				LD_RUNPATH_SEARCH_PATHS = (
					"$(inherited)",
					"@executable_path/Frameworks",
				);
				MARKETING_VERSION = 1.0;
				PRODUCT_BUNDLE_IDENTIFIER = com.stephanepaquet.CT;
				PRODUCT_NAME = "$(TARGET_NAME)";
				STRING_CATALOG_GENERATE_SYMBOLS = YES;
				SWIFT_APPROACHABLE_CONCURRENCY = YES;
				SWIFT_DEFAULT_ACTOR_ISOLATION = MainActor;
				SWIFT_EMIT_LOC_STRINGS = YES;
				SWIFT_UPCOMING_FEATURE_MEMBER_IMPORT_VISIBILITY = YES;
				SWIFT_VERSION = 5.0;
				TARGETED_DEVICE_FAMILY = "1,2";
			};
			name = Release;
		};
		76761CC030358CDB00637491 /* Debug configuration for PBXNativeTarget "CTTests" */ = {
			isa = XCBuildConfiguration;
			buildSettings = {
				BUNDLE_LOADER = "$(TEST_HOST)";
				CODE_SIGN_STYLE = Automatic;
				CURRENT_PROJECT_VERSION = 1;
				DEVELOPMENT_TEAM = 342L82G5GB;
				GENERATE_INFOPLIST_FILE = YES;
				IPHONEOS_DEPLOYMENT_TARGET = 27.0;
				MARKETING_VERSION = 1.0;
				PRODUCT_BUNDLE_IDENTIFIER = com.stephanepaquet.CTTests;
				PRODUCT_NAME = "$(TARGET_NAME)";
				STRING_CATALOG_GENERATE_SYMBOLS = NO;
				SWIFT_APPROACHABLE_CONCURRENCY = YES;
				SWIFT_EMIT_LOC_STRINGS = NO;
				SWIFT_UPCOMING_FEATURE_MEMBER_IMPORT_VISIBILITY = YES;
				SWIFT_VERSION = 5.0;
				TARGETED_DEVICE_FAMILY = "1,2";
				TEST_HOST = "$(BUILT_PRODUCTS_DIR)/CT.app/$(BUNDLE_EXECUTABLE_FOLDER_PATH)/CT";
			};
			name = Debug;
		};
		76761CC130358CDB00637491 /* Release configuration for PBXNativeTarget "CTTests" */ = {
			isa = XCBuildConfiguration;
			buildSettings = {
				BUNDLE_LOADER = "$(TEST_HOST)";
				CODE_SIGN_STYLE = Automatic;
				CURRENT_PROJECT_VERSION = 1;
				DEVELOPMENT_TEAM = 342L82G5GB;
				GENERATE_INFOPLIST_FILE = YES;
				IPHONEOS_DEPLOYMENT_TARGET = 27.0;
				MARKETING_VERSION = 1.0;
				PRODUCT_BUNDLE_IDENTIFIER = com.stephanepaquet.CTTests;
				PRODUCT_NAME = "$(TARGET_NAME)";
				STRING_CATALOG_GENERATE_SYMBOLS = NO;
				SWIFT_APPROACHABLE_CONCURRENCY = YES;
				SWIFT_EMIT_LOC_STRINGS = NO;
				SWIFT_UPCOMING_FEATURE_MEMBER_IMPORT_VISIBILITY = YES;
				SWIFT_VERSION = 5.0;
				TARGETED_DEVICE_FAMILY = "1,2";
				TEST_HOST = "$(BUILT_PRODUCTS_DIR)/CT.app/$(BUNDLE_EXECUTABLE_FOLDER_PATH)/CT";
			};
			name = Release;
		};
		76761CC330358CDB00637491 /* Debug configuration for PBXNativeTarget "CTUITests" */ = {
			isa = XCBuildConfiguration;
			buildSettings = {
				CODE_SIGN_STYLE = Automatic;
				CURRENT_PROJECT_VERSION = 1;
				DEVELOPMENT_TEAM = 342L82G5GB;
				GENERATE_INFOPLIST_FILE = YES;
				MARKETING_VERSION = 1.0;
				PRODUCT_BUNDLE_IDENTIFIER = com.stephanepaquet.CTUITests;
				PRODUCT_NAME = "$(TARGET_NAME)";
				STRING_CATALOG_GENERATE_SYMBOLS = NO;
				SWIFT_APPROACHABLE_CONCURRENCY = YES;
				SWIFT_EMIT_LOC_STRINGS = NO;
				SWIFT_UPCOMING_FEATURE_MEMBER_IMPORT_VISIBILITY = YES;
				SWIFT_VERSION = 5.0;
				TARGETED_DEVICE_FAMILY = "1,2";
				TEST_TARGET_NAME = CT;
			};
			name = Debug;
		};
		76761CC430358CDB00637491 /* Release configuration for PBXNativeTarget "CTUITests" */ = {
			isa = XCBuildConfiguration;
			buildSettings = {
				CODE_SIGN_STYLE = Automatic;
				CURRENT_PROJECT_VERSION = 1;
				DEVELOPMENT_TEAM = 342L82G5GB;
				GENERATE_INFOPLIST_FILE = YES;
				MARKETING_VERSION = 1.0;
				PRODUCT_BUNDLE_IDENTIFIER = com.stephanepaquet.CTUITests;
				PRODUCT_NAME = "$(TARGET_NAME)";
				STRING_CATALOG_GENERATE_SYMBOLS = NO;
				SWIFT_APPROACHABLE_CONCURRENCY = YES;
				SWIFT_EMIT_LOC_STRINGS = NO;
				SWIFT_UPCOMING_FEATURE_MEMBER_IMPORT_VISIBILITY = YES;
				SWIFT_VERSION = 5.0;
				TARGETED_DEVICE_FAMILY = "1,2";
				TEST_TARGET_NAME = CT;
			};
			name = Release;
		};
/* End XCBuildConfiguration section */

/* Begin XCConfigurationList section */
		76761C9830358CDA00637491 /* Build configuration list for PBXProject "CT" */ = {
			isa = XCConfigurationList;
			buildConfigurations = (
				76761CBA30358CDB00637491 /* Debug configuration for PBXProject "CT" */,
				76761CBB30358CDB00637491 /* Release configuration for PBXProject "CT" */,
			);
			defaultConfigurationName = Release;
		};
		76761CBC30358CDB00637491 /* Build configuration list for PBXNativeTarget "CT" */ = {
			isa = XCConfigurationList;
			buildConfigurations = (
				76761CBD30358CDB00637491 /* Debug configuration for PBXNativeTarget "CT" */,
				76761CBE30358CDB00637491 /* Release configuration for PBXNativeTarget "CT" */,
			);
			defaultConfigurationName = Release;
		};
		76761CBF30358CDB00637491 /* Build configuration list for PBXNativeTarget "CTTests" */ = {
			isa = XCConfigurationList;
			buildConfigurations = (
				76761CC030358CDB00637491 /* Debug configuration for PBXNativeTarget "CTTests" */,
				76761CC130358CDB00637491 /* Release configuration for PBXNativeTarget "CTTests" */,
			);
			defaultConfigurationName = Release;
		};
		76761CC230358CDB00637491 /* Build configuration list for PBXNativeTarget "CTUITests" */ = {
			isa = XCConfigurationList;
			buildConfigurations = (
				76761CC330358CDB00637491 /* Debug configuration for PBXNativeTarget "CTUITests" */,
				76761CC430358CDB00637491 /* Release configuration for PBXNativeTarget "CTUITests" */,
			);
			defaultConfigurationName = Release;
		};
/* End XCConfigurationList section */
	};
	rootObject = 76761C9530358CDA00637491 /* Project object */;
	validationLevel = 1;
}
